
Microsoft Visual Studio Solution File, Format Version 12.00
# Visual Studio Version 16
VisualStudioVersion = 16.0.29806.167
MinimumVisualStudioVersion = 10.0.40219.1
Project("{FAE04EC0-301F-11D3-BF4B-00C04F79EFBC}") = "FoodOrder", "FoodOrder\FoodOrder.csproj", "{1AEEFC21-B461-4F13-AE66-2C65B98AFD4B}"
EndProject
Project("{FAE04EC0-301F-11D3-BF4B-00C04F79EFBC}") = "FoodOrder.Services", "FoodOrder.Services\FoodOrder.Services.csproj", "{8A494DD9-F873-4787-AB17-71F9C4E12913}"
EndProject
Project("{FAE04EC0-301F-11D3-BF4B-00C04F79EFBC}") = "FoodOrder.Persistence", "FoodOrder.Persistence\FoodOrder.Persistence.csproj", "{CAA02AAA-B306-4C87-B895-019B8EA52535}"
EndProject
Global
	GlobalSection(SolutionConfigurationPlatforms) = preSolution
		Debug|Any CPU = Debug|Any CPU
		Release|Any CPU = Release|Any CPU
	EndGlobalSection
	GlobalSection(ProjectConfigurationPlatforms) = postSolution
		{1AEEFC21-B461-4F13-AE66-2C65B98AFD4B}.Debug|Any CPU.ActiveCfg = Debug|Any CPU
		{1AEEFC21-B461-4F13-AE66-2C65B98AFD4B}.Debug|Any CPU.Build.0 = Debug|Any CPU
		{1AEEFC21-B461-4F13-AE66-2C65B98AFD4B}.Release|Any CPU.ActiveCfg = Release|Any CPU
		{1AEEFC21-B461-4F13-AE66-2C65B98AFD4B}.Release|Any CPU.Build.0 = Release|Any CPU
		{8A494DD9-F873-4787-AB17-71F9C4E12913}.Debug|Any CPU.ActiveCfg = Debug|Any CPU
		{8A494DD9-F873-4787-AB17-71F9C4E12913}.Debug|Any CPU.Build.0 = Debug|Any CPU
		{8A494DD9-F873-4787-AB17-71F9C4E12913}.Release|Any CPU.ActiveCfg = Release|Any CPU
		{8A494DD9-F873-4787-AB17-71F9C4E12913}.Release|Any CPU.Build.0 = Release|Any CPU
		{CAA02AAA-B306-4C87-B895-019B8EA52535}.Debug|Any CPU.ActiveCfg = Debug|Any CPU
		{CAA02AAA-B306-4C87-B895-019B8EA52535}.Debug|Any CPU.Build.0 = Debug|Any CPU
		{CAA02AAA-B306-4C87-B895-019B8EA52535}.Release|Any CPU.ActiveCfg = Release|Any CPU
		{CAA02AAA-B306-4C87-B895-019B8EA52535}.Release|Any CPU.Build.0 = Release|Any CPU
	EndGlobalSection
	GlobalSection(SolutionProperties) = preSolution
		HideSolutionNode = FALSE
	EndGlobalSection
	GlobalSection(ExtensibilityGlobals) = postSolution
		SolutionGuid = {6C81A9C4-CBB7-4B32-ADB0-DAB57EF6C2BC}
	EndGlobalSection
EndGlobal
